
Microsoft Visual Studio Solution File, Format Version 12.00
# Visual Studio Version 17
VisualStudioVersion = 17.6.33815.320
MinimumVisualStudioVersion = 10.0.40219.1
Project("{FAE04EC0-301F-11D3-BF4B-00C04F79EFBC}") = "SingleLinkedList", "LinkedList\SingleLinkedList.csproj", "{E56A1014-2EE9-4442-A4E0-C47405682EE8}"
EndProject
Project("{FAE04EC0-301F-11D3-BF4B-00C04F79EFBC}") = "DoublyLinkedList", "DoublyLinkedList\DoublyLinkedList.csproj", "{A3F398D3-A0B8-42C4-88F5-757E3FBEB8EA}"
EndProject
Project("{FAE04EC0-301F-11D3-BF4B-00C04F79EFBC}") = "CircularLinkedList", "CircularLinkedList\CircularLinkedList.csproj", "{4648F5E0-A998-4D3D-A581-59B27D47293D}"
EndProject
Project("{FAE04EC0-301F-11D3-BF4B-00C04F79EFBC}") = "DoublyCircularLinkedList", "DoublyCircularLinkedList\DoublyCircularLinkedList.csproj", "{E781AAD4-AF73-4ADE-8074-5BF9BFF58BC7}"
EndProject
Global
	GlobalSection(SolutionConfigurationPlatforms) = preSolution
		Debug|Any CPU = Debug|Any CPU
		Release|Any CPU = Release|Any CPU
	EndGlobalSection
	GlobalSection(ProjectConfigurationPlatforms) = postSolution
		{E56A1014-2EE9-4442-A4E0-C47405682EE8}.Debug|Any CPU.ActiveCfg = Debug|Any CPU
		{E56A1014-2EE9-4442-A4E0-C47405682EE8}.Debug|Any CPU.Build.0 = Debug|Any CPU
		{E56A1014-2EE9-4442-A4E0-C47405682EE8}.Release|Any CPU.ActiveCfg = Release|Any CPU
		{E56A1014-2EE9-4442-A4E0-C47405682EE8}.Release|Any CPU.Build.0 = Release|Any CPU
		{A3F398D3-A0B8-42C4-88F5-757E3FBEB8EA}.Debug|Any CPU.ActiveCfg = Debug|Any CPU
		{A3F398D3-A0B8-42C4-88F5-757E3FBEB8EA}.Debug|Any CPU.Build.0 = Debug|Any CPU
		{A3F398D3-A0B8-42C4-88F5-757E3FBEB8EA}.Release|Any CPU.ActiveCfg = Release|Any CPU
		{A3F398D3-A0B8-42C4-88F5-757E3FBEB8EA}.Release|Any CPU.Build.0 = Release|Any CPU
		{4648F5E0-A998-4D3D-A581-59B27D47293D}.Debug|Any CPU.ActiveCfg = Debug|Any CPU
		{4648F5E0-A998-4D3D-A581-59B27D47293D}.Debug|Any CPU.Build.0 = Debug|Any CPU
		{4648F5E0-A998-4D3D-A581-59B27D47293D}.Release|Any CPU.ActiveCfg = Release|Any CPU
		{4648F5E0-A998-4D3D-A581-59B27D47293D}.Release|Any CPU.Build.0 = Release|Any CPU
		{E781AAD4-AF73-4ADE-8074-5BF9BFF58BC7}.Debug|Any CPU.ActiveCfg = Debug|Any CPU
		{E781AAD4-AF73-4ADE-8074-5BF9BFF58BC7}.Debug|Any CPU.Build.0 = Debug|Any CPU
		{E781AAD4-AF73-4ADE-8074-5BF9BFF58BC7}.Release|Any CPU.ActiveCfg = Release|Any CPU
		{E781AAD4-AF73-4ADE-8074-5BF9BFF58BC7}.Release|Any CPU.Build.0 = Release|Any CPU
	EndGlobalSection
	GlobalSection(SolutionProperties) = preSolution
		HideSolutionNode = FALSE
	EndGlobalSection
	GlobalSection(ExtensibilityGlobals) = postSolution
		SolutionGuid = {52428F76-2886-4DD8-9478-4BC0C12704B9}
	EndGlobalSection
EndGlobal
